
Microsoft Visual Studio Solution File, Format Version 12.00
# Visual Studio Version 17
VisualStudioVersion = 17.8.34309.116
MinimumVisualStudioVersion = 10.0.40219.1
Project("{FAE04EC0-301F-11D3-BF4B-00C04F79EFBC}") = "ClassesHaydenCameron2425", "ClassesHaydenCameron2425\ClassesHaydenCameron2425.csproj", "{56BA8FF9-72DF-47EB-93BD-929A9FB1ECFE}"
EndProject
Global
	GlobalSection(SolutionConfigurationPlatforms) = preSolution
		Debug|Any CPU = Debug|Any CPU
		Release|Any CPU = Release|Any CPU
	EndGlobalSection
	GlobalSection(ProjectConfigurationPlatforms) = postSolution
		{56BA8FF9-72DF-47EB-93BD-929A9FB1ECFE}.Debug|Any CPU.ActiveCfg = Debug|Any CPU
		{56BA8FF9-72DF-47EB-93BD-929A9FB1ECFE}.Debug|Any CPU.Build.0 = Debug|Any CPU
		{56BA8FF9-72DF-47EB-93BD-929A9FB1ECFE}.Release|Any CPU.ActiveCfg = Release|Any CPU
		{56BA8FF9-72DF-47EB-93BD-929A9FB1ECFE}.Release|Any CPU.Build.0 = Release|Any CPU
	EndGlobalSection
	GlobalSection(SolutionProperties) = preSolution
		HideSolutionNode = FALSE
	EndGlobalSection
	GlobalSection(ExtensibilityGlobals) = postSolution
		SolutionGuid = {C4A4B7C5-F6E7-42C8-B7CC-219D052A429D}
	EndGlobalSection
EndGlobal
